// !$*UTF8*$!
{
	archiveVersion = 1;
	classes = {
	};
	objectVersion = 50;
	objects = {

/* Begin PBXBuildFile section */
		63722184231BDEC300EA5047 /* WagoProcessMemoryTests.swift in Sources */ = {isa = PBXBuildFile; fileRef = 63722183231BDEC300EA5047 /* WagoProcessMemoryTests.swift */; };
		63722186231C0C0400EA5047 /* ProcessElementsRepositoryTests.swift in Sources */ = {isa = PBXBuildFile; fileRef = 63722185231C0C0400EA5047 /* ProcessElementsRepositoryTests.swift */; };
		6372218D231D758A00EA5047 /* WagoProcessMemory.swift in Sources */ = {isa = PBXBuildFile; fileRef = 6372218C231D758A00EA5047 /* WagoProcessMemory.swift */; };
		6372218E231D758A00EA5047 /* WagoProcessMemory.swift in Sources */ = {isa = PBXBuildFile; fileRef = 6372218C231D758A00EA5047 /* WagoProcessMemory.swift */; };
		63722190231D75BD00EA5047 /* ProcessElement.swift in Sources */ = {isa = PBXBuildFile; fileRef = 6372218F231D75BD00EA5047 /* ProcessElement.swift */; };
		63722191231D75BD00EA5047 /* ProcessElement.swift in Sources */ = {isa = PBXBuildFile; fileRef = 6372218F231D75BD00EA5047 /* ProcessElement.swift */; };
		63722195231D762900EA5047 /* Address.swift in Sources */ = {isa = PBXBuildFile; fileRef = 63FF23232311D89A000CA6C3 /* Address.swift */; };
		63722196231D763700EA5047 /* DataTypes.swift in Sources */ = {isa = PBXBuildFile; fileRef = 63FF232C23132E34000CA6C3 /* DataTypes.swift */; };
		63722198231D802E00EA5047 /* MockAddress.swift in Sources */ = {isa = PBXBuildFile; fileRef = 63722197231D802E00EA5047 /* MockAddress.swift */; };
		6372219B231D851100EA5047 /* DataTypesTests.swift in Sources */ = {isa = PBXBuildFile; fileRef = 6372219A231D851100EA5047 /* DataTypesTests.swift */; };
		639B9E81230C647100EAA1A8 /* AppDelegate.swift in Sources */ = {isa = PBXBuildFile; fileRef = 639B9E80230C647100EAA1A8 /* AppDelegate.swift */; };
		639B9E83230C647100EAA1A8 /* RootViewController.swift in Sources */ = {isa = PBXBuildFile; fileRef = 639B9E82230C647100EAA1A8 /* RootViewController.swift */; };
		639B9E85230C647100EAA1A8 /* DataViewController.swift in Sources */ = {isa = PBXBuildFile; fileRef = 639B9E84230C647100EAA1A8 /* DataViewController.swift */; };
		639B9E87230C647100EAA1A8 /* ModelController.swift in Sources */ = {isa = PBXBuildFile; fileRef = 639B9E86230C647100EAA1A8 /* ModelController.swift */; };
		639B9E8A230C647100EAA1A8 /* Main.storyboard in Resources */ = {isa = PBXBuildFile; fileRef = 639B9E88230C647100EAA1A8 /* Main.storyboard */; };
		639B9E8C230C647200EAA1A8 /* Assets.xcassets in Resources */ = {isa = PBXBuildFile; fileRef = 639B9E8B230C647200EAA1A8 /* Assets.xcassets */; };
		639B9E8F230C647200EAA1A8 /* LaunchScreen.storyboard in Resources */ = {isa = PBXBuildFile; fileRef = 639B9E8D230C647200EAA1A8 /* LaunchScreen.storyboard */; };
		639B9E9A230C647200EAA1A8 /* IntegrationTests.swift in Sources */ = {isa = PBXBuildFile; fileRef = 639B9E99230C647200EAA1A8 /* IntegrationTests.swift */; };
		63BB313F231F0DD60030BD91 /* MockProcessElementsRepository.swift in Sources */ = {isa = PBXBuildFile; fileRef = 63BB313E231F0DD60030BD91 /* MockProcessElementsRepository.swift */; };
		63BB31442321B8660030BD91 /* ExampleRoom.swift in Sources */ = {isa = PBXBuildFile; fileRef = 63BB31432321B8660030BD91 /* ExampleRoom.swift */; };
		63BB31452321B8660030BD91 /* ExampleRoom.swift in Sources */ = {isa = PBXBuildFile; fileRef = 63BB31432321B8660030BD91 /* ExampleRoom.swift */; };
		63FF230E23109D77000CA6C3 /* WagoMemoryGateway.swift in Sources */ = {isa = PBXBuildFile; fileRef = 63FF230D23109D77000CA6C3 /* WagoMemoryGateway.swift */; };
		63FF230F23109D77000CA6C3 /* WagoMemoryGateway.swift in Sources */ = {isa = PBXBuildFile; fileRef = 63FF230D23109D77000CA6C3 /* WagoMemoryGateway.swift */; };
		63FF2312231126DB000CA6C3 /* WagoMemoryNetworkAPI.swift in Sources */ = {isa = PBXBuildFile; fileRef = 63FF2311231126DB000CA6C3 /* WagoMemoryNetworkAPI.swift */; };
		63FF2313231126DB000CA6C3 /* WagoMemoryNetworkAPI.swift in Sources */ = {isa = PBXBuildFile; fileRef = 63FF2311231126DB000CA6C3 /* WagoMemoryNetworkAPI.swift */; };
		63FF2315231143A1000CA6C3 /* WagoResponse.swift in Sources */ = {isa = PBXBuildFile; fileRef = 63FF2314231143A1000CA6C3 /* WagoResponse.swift */; };
		63FF2316231143A1000CA6C3 /* WagoResponse.swift in Sources */ = {isa = PBXBuildFile; fileRef = 63FF2314231143A1000CA6C3 /* WagoResponse.swift */; };
		63FF2318231157F3000CA6C3 /* WagoResponseParsingTests.swift in Sources */ = {isa = PBXBuildFile; fileRef = 63FF2317231157F3000CA6C3 /* WagoResponseParsingTests.swift */; };
		63FF231A2311A03D000CA6C3 /* WagoPostParamsBuilder.swift in Sources */ = {isa = PBXBuildFile; fileRef = 63FF23192311A03D000CA6C3 /* WagoPostParamsBuilder.swift */; };
		63FF231B2311A03D000CA6C3 /* WagoPostParamsBuilder.swift in Sources */ = {isa = PBXBuildFile; fileRef = 63FF23192311A03D000CA6C3 /* WagoPostParamsBuilder.swift */; };
		63FF231E2311C9B2000CA6C3 /* WagoPostParamsBuilderTests.swift in Sources */ = {isa = PBXBuildFile; fileRef = 63FF231D2311C9B2000CA6C3 /* WagoPostParamsBuilderTests.swift */; };
		63FF23252311D89A000CA6C3 /* Address.swift in Sources */ = {isa = PBXBuildFile; fileRef = 63FF23232311D89A000CA6C3 /* Address.swift */; };
		63FF232E23132E34000CA6C3 /* DataTypes.swift in Sources */ = {isa = PBXBuildFile; fileRef = 63FF232C23132E34000CA6C3 /* DataTypes.swift */; };
		63FF2333231C1AC4000CA6C3 /* MockProcessMemoryCommandQueue.swift in Sources */ = {isa = PBXBuildFile; fileRef = 63FF2332231C1AC4000CA6C3 /* MockProcessMemoryCommandQueue.swift */; };
		63FF2335231C1BA4000CA6C3 /* ProcessElementTests.swift in Sources */ = {isa = PBXBuildFile; fileRef = 63FF2334231C1BA4000CA6C3 /* ProcessElementTests.swift */; };
		7607B094093459501CF4DEC6 /* Pods_MaChTests.framework in Frameworks */ = {isa = PBXBuildFile; fileRef = 15FD9485D9BEA68880920F00 /* Pods_MaChTests.framework */; };
		9F34CBA2151DB35778901BD2 /* Pods_MaCh.framework in Frameworks */ = {isa = PBXBuildFile; fileRef = 99F0496026A0ED723761AD19 /* Pods_MaCh.framework */; };
/* End PBXBuildFile section */

/* Begin PBXContainerItemProxy section */
		639B9E96230C647200EAA1A8 /* PBXContainerItemProxy */ = {
			isa = PBXContainerItemProxy;
			containerPortal = 639B9E75230C647100EAA1A8 /* Project object */;
			proxyType = 1;
			remoteGlobalIDString = 639B9E7C230C647100EAA1A8;
			remoteInfo = MaCh;
		};
/* End PBXContainerItemProxy section */

/* Begin PBXFileReference section */
		15FD9485D9BEA68880920F00 /* Pods_MaChTests.framework */ = {isa = PBXFileReference; explicitFileType = wrapper.framework; includeInIndex = 0; path = Pods_MaChTests.framework; sourceTree = BUILT_PRODUCTS_DIR; };
		22EAAFDFB2DCA767C4CFB0DC /* Pods-MaCh.debug.xcconfig */ = {isa = PBXFileReference; includeInIndex = 1; lastKnownFileType = text.xcconfig; name = "Pods-MaCh.debug.xcconfig"; path = "Target Support Files/Pods-MaCh/Pods-MaCh.debug.xcconfig"; sourceTree = "<group>"; };
		63722183231BDEC300EA5047 /* WagoProcessMemoryTests.swift */ = {isa = PBXFileReference; lastKnownFileType = sourcecode.swift; path = WagoProcessMemoryTests.swift; sourceTree = "<group>"; };
		63722185231C0C0400EA5047 /* ProcessElementsRepositoryTests.swift */ = {isa = PBXFileReference; lastKnownFileType = sourcecode.swift; path = ProcessElementsRepositoryTests.swift; sourceTree = "<group>"; };
		6372218C231D758A00EA5047 /* WagoProcessMemory.swift */ = {isa = PBXFileReference; lastKnownFileType = sourcecode.swift; path = WagoProcessMemory.swift; sourceTree = "<group>"; };
		6372218F231D75BD00EA5047 /* ProcessElement.swift */ = {isa = PBXFileReference; lastKnownFileType = sourcecode.swift; path = ProcessElement.swift; sourceTree = "<group>"; };
		63722197231D802E00EA5047 /* MockAddress.swift */ = {isa = PBXFileReference; lastKnownFileType = sourcecode.swift; path = MockAddress.swift; sourceTree = "<group>"; };
		6372219A231D851100EA5047 /* DataTypesTests.swift */ = {isa = PBXFileReference; lastKnownFileType = sourcecode.swift; path = DataTypesTests.swift; sourceTree = "<group>"; };
		639B9E7D230C647100EAA1A8 /* MaCh.app */ = {isa = PBXFileReference; explicitFileType = wrapper.application; includeInIndex = 0; path = MaCh.app; sourceTree = BUILT_PRODUCTS_DIR; };
		639B9E80230C647100EAA1A8 /* AppDelegate.swift */ = {isa = PBXFileReference; lastKnownFileType = sourcecode.swift; path = AppDelegate.swift; sourceTree = "<group>"; };
		639B9E82230C647100EAA1A8 /* RootViewController.swift */ = {isa = PBXFileReference; lastKnownFileType = sourcecode.swift; path = RootViewController.swift; sourceTree = "<group>"; };
		639B9E84230C647100EAA1A8 /* DataViewController.swift */ = {isa = PBXFileReference; lastKnownFileType = sourcecode.swift; path = DataViewController.swift; sourceTree = "<group>"; };
		639B9E86230C647100EAA1A8 /* ModelController.swift */ = {isa = PBXFileReference; lastKnownFileType = sourcecode.swift; path = ModelController.swift; sourceTree = "<group>"; };
		639B9E89230C647100EAA1A8 /* Base */ = {isa = PBXFileReference; lastKnownFileType = file.storyboard; name = Base; path = Base.lproj/Main.storyboard; sourceTree = "<group>"; };
		639B9E8B230C647200EAA1A8 /* Assets.xcassets */ = {isa = PBXFileReference; lastKnownFileType = folder.assetcatalog; path = Assets.xcassets; sourceTree = "<group>"; };
		639B9E8E230C647200EAA1A8 /* Base */ = {isa = PBXFileReference; lastKnownFileType = file.storyboard; name = Base; path = Base.lproj/LaunchScreen.storyboard; sourceTree = "<group>"; };
		639B9E90230C647200EAA1A8 /* Info.plist */ = {isa = PBXFileReference; lastKnownFileType = text.plist.xml; path = Info.plist; sourceTree = "<group>"; };
		639B9E95230C647200EAA1A8 /* MaChTests.xctest */ = {isa = PBXFileReference; explicitFileType = wrapper.cfbundle; includeInIndex = 0; path = MaChTests.xctest; sourceTree = BUILT_PRODUCTS_DIR; };
		639B9E99230C647200EAA1A8 /* IntegrationTests.swift */ = {isa = PBXFileReference; lastKnownFileType = sourcecode.swift; path = IntegrationTests.swift; sourceTree = "<group>"; };
		639B9E9B230C647200EAA1A8 /* Info.plist */ = {isa = PBXFileReference; lastKnownFileType = text.plist.xml; path = Info.plist; sourceTree = "<group>"; };
		63BB313E231F0DD60030BD91 /* MockProcessElementsRepository.swift */ = {isa = PBXFileReference; lastKnownFileType = sourcecode.swift; path = MockProcessElementsRepository.swift; sourceTree = "<group>"; };
		63BB31432321B8660030BD91 /* ExampleRoom.swift */ = {isa = PBXFileReference; lastKnownFileType = sourcecode.swift; path = ExampleRoom.swift; sourceTree = "<group>"; };
		63FF230D23109D77000CA6C3 /* WagoMemoryGateway.swift */ = {isa = PBXFileReference; lastKnownFileType = sourcecode.swift; path = WagoMemoryGateway.swift; sourceTree = "<group>"; };
		63FF2311231126DB000CA6C3 /* WagoMemoryNetworkAPI.swift */ = {isa = PBXFileReference; lastKnownFileType = sourcecode.swift; path = WagoMemoryNetworkAPI.swift; sourceTree = "<group>"; };
		63FF2314231143A1000CA6C3 /* WagoResponse.swift */ = {isa = PBXFileReference; lastKnownFileType = sourcecode.swift; path = WagoResponse.swift; sourceTree = "<group>"; };
		63FF2317231157F3000CA6C3 /* WagoResponseParsingTests.swift */ = {isa = PBXFileReference; lastKnownFileType = sourcecode.swift; path = WagoResponseParsingTests.swift; sourceTree = "<group>"; };
		63FF23192311A03D000CA6C3 /* WagoPostParamsBuilder.swift */ = {isa = PBXFileReference; lastKnownFileType = sourcecode.swift; path = WagoPostParamsBuilder.swift; sourceTree = "<group>"; };
		63FF231D2311C9B2000CA6C3 /* WagoPostParamsBuilderTests.swift */ = {isa = PBXFileReference; lastKnownFileType = sourcecode.swift; path = WagoPostParamsBuilderTests.swift; sourceTree = "<group>"; };
		63FF23232311D89A000CA6C3 /* Address.swift */ = {isa = PBXFileReference; lastKnownFileType = sourcecode.swift; path = Address.swift; sourceTree = "<group>"; };
		63FF232C23132E34000CA6C3 /* DataTypes.swift */ = {isa = PBXFileReference; lastKnownFileType = sourcecode.swift; path = DataTypes.swift; sourceTree = "<group>"; };
		63FF2332231C1AC4000CA6C3 /* MockProcessMemoryCommandQueue.swift */ = {isa = PBXFileReference; lastKnownFileType = sourcecode.swift; path = MockProcessMemoryCommandQueue.swift; sourceTree = "<group>"; };
		63FF2334231C1BA4000CA6C3 /* ProcessElementTests.swift */ = {isa = PBXFileReference; lastKnownFileType = sourcecode.swift; path = ProcessElementTests.swift; sourceTree = "<group>"; };
		6E53D8FD669CD1FF14FCD912 /* Pods-MaChTests.debug.xcconfig */ = {isa = PBXFileReference; includeInIndex = 1; lastKnownFileType = text.xcconfig; name = "Pods-MaChTests.debug.xcconfig"; path = "Target Support Files/Pods-MaChTests/Pods-MaChTests.debug.xcconfig"; sourceTree = "<group>"; };
		7113BAD8A00E4A176E833ED9 /* Pods-MaCh.release.xcconfig */ = {isa = PBXFileReference; includeInIndex = 1; lastKnownFileType = text.xcconfig; name = "Pods-MaCh.release.xcconfig"; path = "Target Support Files/Pods-MaCh/Pods-MaCh.release.xcconfig"; sourceTree = "<group>"; };
		99F0496026A0ED723761AD19 /* Pods_MaCh.framework */ = {isa = PBXFileReference; explicitFileType = wrapper.framework; includeInIndex = 0; path = Pods_MaCh.framework; sourceTree = BUILT_PRODUCTS_DIR; };
		9CC7C616AFE7E35CDE371D9B /* Pods-MaChTests.release.xcconfig */ = {isa = PBXFileReference; includeInIndex = 1; lastKnownFileType = text.xcconfig; name = "Pods-MaChTests.release.xcconfig"; path = "Target Support Files/Pods-MaChTests/Pods-MaChTests.release.xcconfig"; sourceTree = "<group>"; };
/* End PBXFileReference section */

/* Begin PBXFrameworksBuildPhase section */
		639B9E7A230C647100EAA1A8 /* Frameworks */ = {
			isa = PBXFrameworksBuildPhase;
			buildActionMask = 2147483647;
			files = (
				9F34CBA2151DB35778901BD2 /* Pods_MaCh.framework in Frameworks */,
			);
			runOnlyForDeploymentPostprocessing = 0;
		};
		639B9E92230C647200EAA1A8 /* Frameworks */ = {
			isa = PBXFrameworksBuildPhase;
			buildActionMask = 2147483647;
			files = (
				7607B094093459501CF4DEC6 /* Pods_MaChTests.framework in Frameworks */,
			);
			runOnlyForDeploymentPostprocessing = 0;
		};
/* End PBXFrameworksBuildPhase section */

/* Begin PBXGroup section */
		639B9E74230C647100EAA1A8 = {
			isa = PBXGroup;
			children = (
				639B9E7F230C647100EAA1A8 /* MaCh */,
				639B9E98230C647200EAA1A8 /* MaChTests */,
				639B9E7E230C647100EAA1A8 /* Products */,
				F723DDBBCD8901DB2774A757 /* Pods */,
				B71E5890C4B7AD74DA823A32 /* Frameworks */,
			);
			sourceTree = "<group>";
		};
		639B9E7E230C647100EAA1A8 /* Products */ = {
			isa = PBXGroup;
			children = (
				639B9E7D230C647100EAA1A8 /* MaCh.app */,
				639B9E95230C647200EAA1A8 /* MaChTests.xctest */,
			);
			name = Products;
			sourceTree = "<group>";
		};
		639B9E7F230C647100EAA1A8 /* MaCh */ = {
			isa = PBXGroup;
			children = (
				63BB31422321B8440030BD91 /* Rooms */,
				63FF23262311E7C0000CA6C3 /* ProcessMemory */,
				63FF2310231126B0000CA6C3 /* WagoNetworkMemoryAccess */,
				639B9E80230C647100EAA1A8 /* AppDelegate.swift */,
				639B9E82230C647100EAA1A8 /* RootViewController.swift */,
				639B9E84230C647100EAA1A8 /* DataViewController.swift */,
				639B9E86230C647100EAA1A8 /* ModelController.swift */,
				639B9E88230C647100EAA1A8 /* Main.storyboard */,
				639B9E8B230C647200EAA1A8 /* Assets.xcassets */,
				639B9E8D230C647200EAA1A8 /* LaunchScreen.storyboard */,
				639B9E90230C647200EAA1A8 /* Info.plist */,
			);
			path = MaCh;
			sourceTree = "<group>";
		};
		639B9E98230C647200EAA1A8 /* MaChTests */ = {
			isa = PBXGroup;
			children = (
				639B9E9B230C647200EAA1A8 /* Info.plist */,
			);
			path = MaChTests;
			sourceTree = "<group>";
		};
		63BB31422321B8440030BD91 /* Rooms */ = {
			isa = PBXGroup;
			children = (
				63BB31432321B8660030BD91 /* ExampleRoom.swift */,
			);
			path = Rooms;
			sourceTree = "<group>";
		};
		63FF2310231126B0000CA6C3 /* WagoNetworkMemoryAccess */ = {
			isa = PBXGroup;
			children = (
				639B9E99230C647200EAA1A8 /* IntegrationTests.swift */,
				63FF230D23109D77000CA6C3 /* WagoMemoryGateway.swift */,
				63FF2311231126DB000CA6C3 /* WagoMemoryNetworkAPI.swift */,
				63FF23192311A03D000CA6C3 /* WagoPostParamsBuilder.swift */,
				63FF231D2311C9B2000CA6C3 /* WagoPostParamsBuilderTests.swift */,
				63FF2314231143A1000CA6C3 /* WagoResponse.swift */,
				63FF2317231157F3000CA6C3 /* WagoResponseParsingTests.swift */,
			);
			path = WagoNetworkMemoryAccess;
			sourceTree = "<group>";
		};
		63FF23262311E7C0000CA6C3 /* ProcessMemory */ = {
			isa = PBXGroup;
			children = (
				63FF23232311D89A000CA6C3 /* Address.swift */,
				63722197231D802E00EA5047 /* MockAddress.swift */,
				63FF232C23132E34000CA6C3 /* DataTypes.swift */,
				6372219A231D851100EA5047 /* DataTypesTests.swift */,
				6372218C231D758A00EA5047 /* WagoProcessMemory.swift */,
				63FF2332231C1AC4000CA6C3 /* MockProcessMemoryCommandQueue.swift */,
				63722185231C0C0400EA5047 /* ProcessElementsRepositoryTests.swift */,
				63722183231BDEC300EA5047 /* WagoProcessMemoryTests.swift */,
				6372218F231D75BD00EA5047 /* ProcessElement.swift */,
				63BB313E231F0DD60030BD91 /* MockProcessElementsRepository.swift */,
				63FF2334231C1BA4000CA6C3 /* ProcessElementTests.swift */,
			);
			path = ProcessMemory;
			sourceTree = "<group>";
		};
		B71E5890C4B7AD74DA823A32 /* Frameworks */ = {
			isa = PBXGroup;
			children = (
				99F0496026A0ED723761AD19 /* Pods_MaCh.framework */,
				15FD9485D9BEA68880920F00 /* Pods_MaChTests.framework */,
			);
			name = Frameworks;
			sourceTree = "<group>";
		};
		F723DDBBCD8901DB2774A757 /* Pods */ = {
			isa = PBXGroup;
			children = (
				22EAAFDFB2DCA767C4CFB0DC /* Pods-MaCh.debug.xcconfig */,
				7113BAD8A00E4A176E833ED9 /* Pods-MaCh.release.xcconfig */,
				6E53D8FD669CD1FF14FCD912 /* Pods-MaChTests.debug.xcconfig */,
				9CC7C616AFE7E35CDE371D9B /* Pods-MaChTests.release.xcconfig */,
			);
			path = Pods;
			sourceTree = "<group>";
		};
/* End PBXGroup section */

/* Begin PBXNativeTarget section */
		639B9E7C230C647100EAA1A8 /* MaCh */ = {
			isa = PBXNativeTarget;
			buildConfigurationList = 639B9E9E230C647200EAA1A8 /* Build configuration list for PBXNativeTarget "MaCh" */;
			buildPhases = (
				285CC588AD0F6ADD180F2B51 /* [CP] Check Pods Manifest.lock */,
				639B9E79230C647100EAA1A8 /* Sources */,
				639B9E7A230C647100EAA1A8 /* Frameworks */,
				639B9E7B230C647100EAA1A8 /* Resources */,
				C9D6D9CF96006134493B9A3D /* [CP] Embed Pods Frameworks */,
			);
			buildRules = (
			);
			dependencies = (
			);
			name = MaCh;
			productName = MaCh;
			productReference = 639B9E7D230C647100EAA1A8 /* MaCh.app */;
			productType = "com.apple.product-type.application";
		};
		639B9E94230C647200EAA1A8 /* MaChTests */ = {
			isa = PBXNativeTarget;
			buildConfigurationList = 639B9EA1230C647200EAA1A8 /* Build configuration list for PBXNativeTarget "MaChTests" */;
			buildPhases = (
				24864E246BD2C1359BC267F8 /* [CP] Check Pods Manifest.lock */,
				639B9E91230C647200EAA1A8 /* Sources */,
				639B9E92230C647200EAA1A8 /* Frameworks */,
				639B9E93230C647200EAA1A8 /* Resources */,
				B418277D9DD0FB78F51A199B /* [CP] Embed Pods Frameworks */,
			);
			buildRules = (
			);
			dependencies = (
				639B9E97230C647200EAA1A8 /* PBXTargetDependency */,
			);
			name = MaChTests;
			productName = MaChTests;
			productReference = 639B9E95230C647200EAA1A8 /* MaChTests.xctest */;
			productType = "com.apple.product-type.bundle.unit-test";
		};
/* End PBXNativeTarget section */

/* Begin PBXProject section */
		639B9E75230C647100EAA1A8 /* Project object */ = {
			isa = PBXProject;
			attributes = {
				LastSwiftUpdateCheck = 1030;
				LastUpgradeCheck = 1030;
				ORGANIZATIONNAME = "Grzegorz Moscichowski";
				TargetAttributes = {
					639B9E7C230C647100EAA1A8 = {
						CreatedOnToolsVersion = 10.3;
					};
					639B9E94230C647200EAA1A8 = {
						CreatedOnToolsVersion = 10.3;
						TestTargetID = 639B9E7C230C647100EAA1A8;
					};
				};
			};
			buildConfigurationList = 639B9E78230C647100EAA1A8 /* Build configuration list for PBXProject "MaCh" */;
			compatibilityVersion = "Xcode 9.3";
			developmentRegion = en;
			hasScannedForEncodings = 0;
			knownRegions = (
				en,
				Base,
			);
			mainGroup = 639B9E74230C647100EAA1A8;
			productRefGroup = 639B9E7E230C647100EAA1A8 /* Products */;
			projectDirPath = "";
			projectRoot = "";
			targets = (
				639B9E7C230C647100EAA1A8 /* MaCh */,
				639B9E94230C647200EAA1A8 /* MaChTests */,
			);
		};
/* End PBXProject section */

/* Begin PBXResourcesBuildPhase section */
		639B9E7B230C647100EAA1A8 /* Resources */ = {
			isa = PBXResourcesBuildPhase;
			buildActionMask = 2147483647;
			files = (
				639B9E8F230C647200EAA1A8 /* LaunchScreen.storyboard in Resources */,
				639B9E8C230C647200EAA1A8 /* Assets.xcassets in Resources */,
				639B9E8A230C647100EAA1A8 /* Main.storyboard in Resources */,
			);
			runOnlyForDeploymentPostprocessing = 0;
		};
		639B9E93230C647200EAA1A8 /* Resources */ = {
			isa = PBXResourcesBuildPhase;
			buildActionMask = 2147483647;
			files = (
			);
			runOnlyForDeploymentPostprocessing = 0;
		};
/* End PBXResourcesBuildPhase section */

/* Begin PBXShellScriptBuildPhase section */
		24864E246BD2C1359BC267F8 /* [CP] Check Pods Manifest.lock */ = {
			isa = PBXShellScriptBuildPhase;
			buildActionMask = 2147483647;
			files = (
			);
			inputFileListPaths = (
			);
			inputPaths = (
				"${PODS_PODFILE_DIR_PATH}/Podfile.lock",
				"${PODS_ROOT}/Manifest.lock",
			);
			name = "[CP] Check Pods Manifest.lock";
			outputFileListPaths = (
			);
			outputPaths = (
				"$(DERIVED_FILE_DIR)/Pods-MaChTests-checkManifestLockResult.txt",
			);
			runOnlyForDeploymentPostprocessing = 0;
			shellPath = /bin/sh;
			shellScript = "diff \"${PODS_PODFILE_DIR_PATH}/Podfile.lock\" \"${PODS_ROOT}/Manifest.lock\" > /dev/null\nif [ $? != 0 ] ; then\n    # print error to STDERR\n    echo \"error: The sandbox is not in sync with the Podfile.lock. Run 'pod install' or update your CocoaPods installation.\" >&2\n    exit 1\nfi\n# This output is used by Xcode 'outputs' to avoid re-running this script phase.\necho \"SUCCESS\" > \"${SCRIPT_OUTPUT_FILE_0}\"\n";
			showEnvVarsInLog = 0;
		};
		285CC588AD0F6ADD180F2B51 /* [CP] Check Pods Manifest.lock */ = {
			isa = PBXShellScriptBuildPhase;
			buildActionMask = 2147483647;
			files = (
			);
			inputFileListPaths = (
			);
			inputPaths = (
				"${PODS_PODFILE_DIR_PATH}/Podfile.lock",
				"${PODS_ROOT}/Manifest.lock",
			);
			name = "[CP] Check Pods Manifest.lock";
			outputFileListPaths = (
			);
			outputPaths = (
				"$(DERIVED_FILE_DIR)/Pods-MaCh-checkManifestLockResult.txt",
			);
			runOnlyForDeploymentPostprocessing = 0;
			shellPath = /bin/sh;
			shellScript = "diff \"${PODS_PODFILE_DIR_PATH}/Podfile.lock\" \"${PODS_ROOT}/Manifest.lock\" > /dev/null\nif [ $? != 0 ] ; then\n    # print error to STDERR\n    echo \"error: The sandbox is not in sync with the Podfile.lock. Run 'pod install' or update your CocoaPods installation.\" >&2\n    exit 1\nfi\n# This output is used by Xcode 'outputs' to avoid re-running this script phase.\necho \"SUCCESS\" > \"${SCRIPT_OUTPUT_FILE_0}\"\n";
			showEnvVarsInLog = 0;
		};
		B418277D9DD0FB78F51A199B /* [CP] Embed Pods Frameworks */ = {
			isa = PBXShellScriptBuildPhase;
			buildActionMask = 2147483647;
			files = (
			);
			inputFileListPaths = (
			);
			inputPaths = (
				"${PODS_ROOT}/Target Support Files/Pods-MaChTests/Pods-MaChTests-frameworks.sh",
				"${BUILT_PRODUCTS_DIR}/Alamofire/Alamofire.framework",
				"${BUILT_PRODUCTS_DIR}/SwiftyJSON/SwiftyJSON.framework",
			);
			name = "[CP] Embed Pods Frameworks";
			outputFileListPaths = (
			);
			outputPaths = (
				"${TARGET_BUILD_DIR}/${FRAMEWORKS_FOLDER_PATH}/Alamofire.framework",
				"${TARGET_BUILD_DIR}/${FRAMEWORKS_FOLDER_PATH}/SwiftyJSON.framework",
			);
			runOnlyForDeploymentPostprocessing = 0;
			shellPath = /bin/sh;
			shellScript = "\"${PODS_ROOT}/Target Support Files/Pods-MaChTests/Pods-MaChTests-frameworks.sh\"\n";
			showEnvVarsInLog = 0;
		};
		C9D6D9CF96006134493B9A3D /* [CP] Embed Pods Frameworks */ = {
			isa = PBXShellScriptBuildPhase;
			buildActionMask = 2147483647;
			files = (
			);
			inputFileListPaths = (
			);
			inputPaths = (
				"${PODS_ROOT}/Target Support Files/Pods-MaCh/Pods-MaCh-frameworks.sh",
				"${BUILT_PRODUCTS_DIR}/Alamofire/Alamofire.framework",
				"${BUILT_PRODUCTS_DIR}/SwiftyJSON/SwiftyJSON.framework",
			);
			name = "[CP] Embed Pods Frameworks";
			outputFileListPaths = (
			);
			outputPaths = (
				"${TARGET_BUILD_DIR}/${FRAMEWORKS_FOLDER_PATH}/Alamofire.framework",
				"${TARGET_BUILD_DIR}/${FRAMEWORKS_FOLDER_PATH}/SwiftyJSON.framework",
			);
			runOnlyForDeploymentPostprocessing = 0;
			shellPath = /bin/sh;
			shellScript = "\"${PODS_ROOT}/Target Support Files/Pods-MaCh/Pods-MaCh-frameworks.sh\"\n";
			showEnvVarsInLog = 0;
		};
/* End PBXShellScriptBuildPhase section */

/* Begin PBXSourcesBuildPhase section */
		639B9E79230C647100EAA1A8 /* Sources */ = {
			isa = PBXSourcesBuildPhase;
			buildActionMask = 2147483647;
			files = (
				63722190231D75BD00EA5047 /* ProcessElement.swift in Sources */,
				63FF231A2311A03D000CA6C3 /* WagoPostParamsBuilder.swift in Sources */,
				63722195231D762900EA5047 /* Address.swift in Sources */,
				639B9E83230C647100EAA1A8 /* RootViewController.swift in Sources */,
				639B9E87230C647100EAA1A8 /* ModelController.swift in Sources */,
				63BB31442321B8660030BD91 /* ExampleRoom.swift in Sources */,
				63722196231D763700EA5047 /* DataTypes.swift in Sources */,
				63FF2312231126DB000CA6C3 /* WagoMemoryNetworkAPI.swift in Sources */,
				639B9E85230C647100EAA1A8 /* DataViewController.swift in Sources */,
				63FF2315231143A1000CA6C3 /* WagoResponse.swift in Sources */,
				63FF230E23109D77000CA6C3 /* WagoMemoryGateway.swift in Sources */,
				6372218D231D758A00EA5047 /* WagoProcessMemory.swift in Sources */,
				639B9E81230C647100EAA1A8 /* AppDelegate.swift in Sources */,
			);
			runOnlyForDeploymentPostprocessing = 0;
		};
		639B9E91230C647200EAA1A8 /* Sources */ = {
			isa = PBXSourcesBuildPhase;
			buildActionMask = 2147483647;
			files = (
				63722198231D802E00EA5047 /* MockAddress.swift in Sources */,
				63FF2316231143A1000CA6C3 /* WagoResponse.swift in Sources */,
				63FF231B2311A03D000CA6C3 /* WagoPostParamsBuilder.swift in Sources */,
				63BB31452321B8660030BD91 /* ExampleRoom.swift in Sources */,
				63722186231C0C0400EA5047 /* ProcessElementsRepositoryTests.swift in Sources */,
				6372218E231D758A00EA5047 /* WagoProcessMemory.swift in Sources */,
				63FF231E2311C9B2000CA6C3 /* WagoPostParamsBuilderTests.swift in Sources */,
				63FF2335231C1BA4000CA6C3 /* ProcessElementTests.swift in Sources */,
				63FF2333231C1AC4000CA6C3 /* MockProcessMemoryCommandQueue.swift in Sources */,
				63FF2318231157F3000CA6C3 /* WagoResponseParsingTests.swift in Sources */,
				63722191231D75BD00EA5047 /* ProcessElement.swift in Sources */,
				63BB313F231F0DD60030BD91 /* MockProcessElementsRepository.swift in Sources */,
				63FF23252311D89A000CA6C3 /* Address.swift in Sources */,
				63722184231BDEC300EA5047 /* WagoProcessMemoryTests.swift in Sources */,
				63FF2313231126DB000CA6C3 /* WagoMemoryNetworkAPI.swift in Sources */,
				639B9E9A230C647200EAA1A8 /* IntegrationTests.swift in Sources */,
				63FF230F23109D77000CA6C3 /* WagoMemoryGateway.swift in Sources */,
				63FF232E23132E34000CA6C3 /* DataTypes.swift in Sources */,
				6372219B231D851100EA5047 /* DataTypesTests.swift in Sources */,
			);
			runOnlyForDeploymentPostprocessing = 0;
		};
/* End PBXSourcesBuildPhase section */

/* Begin PBXTargetDependency section */
		639B9E97230C647200EAA1A8 /* PBXTargetDependency */ = {
			isa = PBXTargetDependency;
			target = 639B9E7C230C647100EAA1A8 /* MaCh */;
			targetProxy = 639B9E96230C647200EAA1A8 /* PBXContainerItemProxy */;
		};
/* End PBXTargetDependency section */

/* Begin PBXVariantGroup section */
		639B9E88230C647100EAA1A8 /* Main.storyboard */ = {
			isa = PBXVariantGroup;
			children = (
				639B9E89230C647100EAA1A8 /* Base */,
			);
			name = Main.storyboard;
			sourceTree = "<group>";
		};
		639B9E8D230C647200EAA1A8 /* LaunchScreen.storyboard */ = {
			isa = PBXVariantGroup;
			children = (
				639B9E8E230C647200EAA1A8 /* Base */,
			);
			name = LaunchScreen.storyboard;
			sourceTree = "<group>";
		};
/* End PBXVariantGroup section */

/* Begin XCBuildConfiguration section */
		639B9E9C230C647200EAA1A8 /* Debug */ = {
			isa = XCBuildConfiguration;
			buildSettings = {
				ALWAYS_SEARCH_USER_PATHS = NO;
				CLANG_ANALYZER_NONNULL = YES;
				CLANG_ANALYZER_NUMBER_OBJECT_CONVERSION = YES_AGGRESSIVE;
				CLANG_CXX_LANGUAGE_STANDARD = "gnu++14";
				CLANG_CXX_LIBRARY = "libc++";
				CLANG_ENABLE_MODULES = YES;
				CLANG_ENABLE_OBJC_ARC = YES;
				CLANG_ENABLE_OBJC_WEAK = YES;
				CLANG_WARN_BLOCK_CAPTURE_AUTORELEASING = YES;
				CLANG_WARN_BOOL_CONVERSION = YES;
				CLANG_WARN_COMMA = YES;
				CLANG_WARN_CONSTANT_CONVERSION = YES;
				CLANG_WARN_DEPRECATED_OBJC_IMPLEMENTATIONS = YES;
				CLANG_WARN_DIRECT_OBJC_ISA_USAGE = YES_ERROR;
				CLANG_WARN_DOCUMENTATION_COMMENTS = YES;
				CLANG_WARN_EMPTY_BODY = YES;
				CLANG_WARN_ENUM_CONVERSION = YES;
				CLANG_WARN_INFINITE_RECURSION = YES;
				CLANG_WARN_INT_CONVERSION = YES;
				CLANG_WARN_NON_LITERAL_NULL_CONVERSION = YES;
				CLANG_WARN_OBJC_IMPLICIT_RETAIN_SELF = YES;
				CLANG_WARN_OBJC_LITERAL_CONVERSION = YES;
				CLANG_WARN_OBJC_ROOT_CLASS = YES_ERROR;
				CLANG_WARN_RANGE_LOOP_ANALYSIS = YES;
				CLANG_WARN_STRICT_PROTOTYPES = YES;
				CLANG_WARN_SUSPICIOUS_MOVE = YES;
				CLANG_WARN_UNGUARDED_AVAILABILITY = YES_AGGRESSIVE;
				CLANG_WARN_UNREACHABLE_CODE = YES;
				CLANG_WARN__DUPLICATE_METHOD_MATCH = YES;
				CODE_SIGN_IDENTITY = "iPhone Developer";
				COPY_PHASE_STRIP = NO;
				DEBUG_INFORMATION_FORMAT = dwarf;
				ENABLE_STRICT_OBJC_MSGSEND = YES;
				ENABLE_TESTABILITY = YES;
				GCC_C_LANGUAGE_STANDARD = gnu11;
				GCC_DYNAMIC_NO_PIC = NO;
				GCC_NO_COMMON_BLOCKS = YES;
				GCC_OPTIMIZATION_LEVEL = 0;
				GCC_PREPROCESSOR_DEFINITIONS = (
					"DEBUG=1",
					"$(inherited)",
				);
				GCC_WARN_64_TO_32_BIT_CONVERSION = YES;
				GCC_WARN_ABOUT_RETURN_TYPE = YES_ERROR;
				GCC_WARN_UNDECLARED_SELECTOR = YES;
				GCC_WARN_UNINITIALIZED_AUTOS = YES_AGGRESSIVE;
				GCC_WARN_UNUSED_FUNCTION = YES;
				GCC_WARN_UNUSED_VARIABLE = YES;
				IPHONEOS_DEPLOYMENT_TARGET = 12.4;
				MTL_ENABLE_DEBUG_INFO = INCLUDE_SOURCE;
				MTL_FAST_MATH = YES;
				ONLY_ACTIVE_ARCH = YES;
				SDKROOT = iphoneos;
				SWIFT_ACTIVE_COMPILATION_CONDITIONS = DEBUG;
				SWIFT_OPTIMIZATION_LEVEL = "-Onone";
			};
			name = Debug;
		};
		639B9E9D230C647200EAA1A8 /* Release */ = {
			isa = XCBuildConfiguration;
			buildSettings = {
				ALWAYS_SEARCH_USER_PATHS = NO;
				CLANG_ANALYZER_NONNULL = YES;
				CLANG_ANALYZER_NUMBER_OBJECT_CONVERSION = YES_AGGRESSIVE;
				CLANG_CXX_LANGUAGE_STANDARD = "gnu++14";
				CLANG_CXX_LIBRARY = "libc++";
				CLANG_ENABLE_MODULES = YES;
				CLANG_ENABLE_OBJC_ARC = YES;
				CLANG_ENABLE_OBJC_WEAK = YES;
				CLANG_WARN_BLOCK_CAPTURE_AUTORELEASING = YES;
				CLANG_WARN_BOOL_CONVERSION = YES;
				CLANG_WARN_COMMA = YES;
				CLANG_WARN_CONSTANT_CONVERSION = YES;
				CLANG_WARN_DEPRECATED_OBJC_IMPLEMENTATIONS = YES;
				CLANG_WARN_DIRECT_OBJC_ISA_USAGE = YES_ERROR;
				CLANG_WARN_DOCUMENTATION_COMMENTS = YES;
				CLANG_WARN_EMPTY_BODY = YES;
				CLANG_WARN_ENUM_CONVERSION = YES;
				CLANG_WARN_INFINITE_RECURSION = YES;
				CLANG_WARN_INT_CONVERSION = YES;
				CLANG_WARN_NON_LITERAL_NULL_CONVERSION = YES;
				CLANG_WARN_OBJC_IMPLICIT_RETAIN_SELF = YES;
				CLANG_WARN_OBJC_LITERAL_CONVERSION = YES;
				CLANG_WARN_OBJC_ROOT_CLASS = YES_ERROR;
				CLANG_WARN_RANGE_LOOP_ANALYSIS = YES;
				CLANG_WARN_STRICT_PROTOTYPES = YES;
				CLANG_WARN_SUSPICIOUS_MOVE = YES;
				CLANG_WARN_UNGUARDED_AVAILABILITY = YES_AGGRESSIVE;
				CLANG_WARN_UNREACHABLE_CODE = YES;
				CLANG_WARN__DUPLICATE_METHOD_MATCH = YES;
				CODE_SIGN_IDENTITY = "iPhone Developer";
				COPY_PHASE_STRIP = NO;
				DEBUG_INFORMATION_FORMAT = "dwarf-with-dsym";
				ENABLE_NS_ASSERTIONS = NO;
				ENABLE_STRICT_OBJC_MSGSEND = YES;
				GCC_C_LANGUAGE_STANDARD = gnu11;
				GCC_NO_COMMON_BLOCKS = YES;
				GCC_WARN_64_TO_32_BIT_CONVERSION = YES;
				GCC_WARN_ABOUT_RETURN_TYPE = YES_ERROR;
				GCC_WARN_UNDECLARED_SELECTOR = YES;
				GCC_WARN_UNINITIALIZED_AUTOS = YES_AGGRESSIVE;
				GCC_WARN_UNUSED_FUNCTION = YES;
				GCC_WARN_UNUSED_VARIABLE = YES;
				IPHONEOS_DEPLOYMENT_TARGET = 12.4;
				MTL_ENABLE_DEBUG_INFO = NO;
				MTL_FAST_MATH = YES;
				SDKROOT = iphoneos;
				SWIFT_COMPILATION_MODE = wholemodule;
				SWIFT_OPTIMIZATION_LEVEL = "-O";
				VALIDATE_PRODUCT = YES;
			};
			name = Release;
		};
		639B9E9F230C647200EAA1A8 /* Debug */ = {
			isa = XCBuildConfiguration;
			baseConfigurationReference = 22EAAFDFB2DCA767C4CFB0DC /* Pods-MaCh.debug.xcconfig */;
			buildSettings = {
				ASSETCATALOG_COMPILER_APPICON_NAME = AppIcon;
				CODE_SIGN_STYLE = Automatic;
				DEVELOPMENT_TEAM = SN727QH5Y3;
				INFOPLIST_FILE = MaCh/Info.plist;
				LD_RUNPATH_SEARCH_PATHS = (
					"$(inherited)",
					"@executable_path/Frameworks",
				);
				PRODUCT_BUNDLE_IDENTIFIER = identifier.MaCh;
				PRODUCT_NAME = "$(TARGET_NAME)";
				SWIFT_VERSION = 5.0;
				TARGETED_DEVICE_FAMILY = "1,2";
			};
			name = Debug;
		};
		639B9EA0230C647200EAA1A8 /* Release */ = {
			isa = XCBuildConfiguration;
			baseConfigurationReference = 7113BAD8A00E4A176E833ED9 /* Pods-MaCh.release.xcconfig */;
			buildSettings = {
				ASSETCATALOG_COMPILER_APPICON_NAME = AppIcon;
				CODE_SIGN_STYLE = Automatic;
				DEVELOPMENT_TEAM = SN727QH5Y3;
				INFOPLIST_FILE = MaCh/Info.plist;
				LD_RUNPATH_SEARCH_PATHS = (
					"$(inherited)",
					"@executable_path/Frameworks",
				);
				PRODUCT_BUNDLE_IDENTIFIER = identifier.MaCh;
				PRODUCT_NAME = "$(TARGET_NAME)";
				SWIFT_VERSION = 5.0;
				TARGETED_DEVICE_FAMILY = "1,2";
			};
			name = Release;
		};
		639B9EA2230C647200EAA1A8 /* Debug */ = {
			isa = XCBuildConfiguration;
			baseConfigurationReference = 6E53D8FD669CD1FF14FCD912 /* Pods-MaChTests.debug.xcconfig */;
			buildSettings = {
				BUNDLE_LOADER = "$(TEST_HOST)";
				CODE_SIGN_STYLE = Automatic;
				DEVELOPMENT_TEAM = SN727QH5Y3;
				INFOPLIST_FILE = MaChTests/Info.plist;
				LD_RUNPATH_SEARCH_PATHS = (
					"$(inherited)",
					"@executable_path/Frameworks",
					"@loader_path/Frameworks",
				);
				PRODUCT_BUNDLE_IDENTIFIER = identifier.MaChTests;
				PRODUCT_NAME = "$(TARGET_NAME)";
				SWIFT_VERSION = 5.0;
				TARGETED_DEVICE_FAMILY = "1,2";
				TEST_HOST = "$(BUILT_PRODUCTS_DIR)/MaCh.app/MaCh";
			};
			name = Debug;
		};
		639B9EA3230C647200EAA1A8 /* Release */ = {
			isa = XCBuildConfiguration;
			baseConfigurationReference = 9CC7C616AFE7E35CDE371D9B /* Pods-MaChTests.release.xcconfig */;
			buildSettings = {
				BUNDLE_LOADER = "$(TEST_HOST)";
				CODE_SIGN_STYLE = Automatic;
				DEVELOPMENT_TEAM = SN727QH5Y3;
				INFOPLIST_FILE = MaChTests/Info.plist;
				LD_RUNPATH_SEARCH_PATHS = (
					"$(inherited)",
					"@executable_path/Frameworks",
					"@loader_path/Frameworks",
				);
				PRODUCT_BUNDLE_IDENTIFIER = identifier.MaChTests;
				PRODUCT_NAME = "$(TARGET_NAME)";
				SWIFT_VERSION = 5.0;
				TARGETED_DEVICE_FAMILY = "1,2";
				TEST_HOST = "$(BUILT_PRODUCTS_DIR)/MaCh.app/MaCh";
			};
			name = Release;
		};
/* End XCBuildConfiguration section */

/* Begin XCConfigurationList section */
		639B9E78230C647100EAA1A8 /* Build configuration list for PBXProject "MaCh" */ = {
			isa = XCConfigurationList;
			buildConfigurations = (
				639B9E9C230C647200EAA1A8 /* Debug */,
				639B9E9D230C647200EAA1A8 /* Release */,
			);
			defaultConfigurationIsVisible = 0;
			defaultConfigurationName = Release;
		};
		639B9E9E230C647200EAA1A8 /* Build configuration list for PBXNativeTarget "MaCh" */ = {
			isa = XCConfigurationList;
			buildConfigurations = (
				639B9E9F230C647200EAA1A8 /* Debug */,
				639B9EA0230C647200EAA1A8 /* Release */,
			);
			defaultConfigurationIsVisible = 0;
			defaultConfigurationName = Release;
		};
		639B9EA1230C647200EAA1A8 /* Build configuration list for PBXNativeTarget "MaChTests" */ = {
			isa = XCConfigurationList;
			buildConfigurations = (
				639B9EA2230C647200EAA1A8 /* Debug */,
				639B9EA3230C647200EAA1A8 /* Release */,
			);
			defaultConfigurationIsVisible = 0;
			defaultConfigurationName = Release;
		};
/* End XCConfigurationList section */
	};
	rootObject = 639B9E75230C647100EAA1A8 /* Project object */;
}
